
Microsoft Visual Studio Solution File, Format Version 12.00
# Visual Studio 15
VisualStudioVersion = 15.0.27703.2035
MinimumVisualStudioVersion = 10.0.40219.1
Project("{8BC9CEB8-8B4A-11D0-8D11-00A0C91BC942}") = "gerke", "gerke\gerke.vcxproj", "{9E1D3B54-8F2C-44CB-91E9-3C645B7895E4}"
EndProject
Global
	GlobalSection(SolutionConfigurationPlatforms) = preSolution
		Debug|x64 = Debug|x64
		Debug|x86 = Debug|x86
		Release|x64 = Release|x64
		Release|x86 = Release|x86
	EndGlobalSection
	GlobalSection(ProjectConfigurationPlatforms) = postSolution
		{9E1D3B54-8F2C-44CB-91E9-3C645B7895E4}.Debug|x64.ActiveCfg = Debug|x64
		{9E1D3B54-8F2C-44CB-91E9-3C645B7895E4}.Debug|x64.Build.0 = Debug|x64
		{9E1D3B54-8F2C-44CB-91E9-3C645B7895E4}.Debug|x86.ActiveCfg = Debug|Win32
		{9E1D3B54-8F2C-44CB-91E9-3C645B7895E4}.Debug|x86.Build.0 = Debug|Win32
		{9E1D3B54-8F2C-44CB-91E9-3C645B7895E4}.Release|x64.ActiveCfg = Release|x64
		{9E1D3B54-8F2C-44CB-91E9-3C645B7895E4}.Release|x64.Build.0 = Release|x64
		{9E1D3B54-8F2C-44CB-91E9-3C645B7895E4}.Release|x86.ActiveCfg = Release|Win32
		{9E1D3B54-8F2C-44CB-91E9-3C645B7895E4}.Release|x86.Build.0 = Release|Win32
	EndGlobalSection
	GlobalSection(SolutionProperties) = preSolution
		HideSolutionNode = FALSE
	EndGlobalSection
	GlobalSection(ExtensibilityGlobals) = postSolution
		SolutionGuid = {7E112B81-E2F9-41D8-A9BD-C2466319C0AA}
	EndGlobalSection
EndGlobal
